
Microsoft Visual Studio Solution File, Format Version 12.00
# Visual Studio Version 17
VisualStudioVersion = 17.7.34031.279
MinimumVisualStudioVersion = 10.0.40219.1
Project("{FAE04EC0-301F-11D3-BF4B-00C04F79EFBC}") = "OOPS_and_Array", "OOPS_and_Array\OOPS_and_Array.csproj", "{64EB808C-DA2E-43AE-8AD2-F1009A3CA2E4}"
EndProject
Global
	GlobalSection(SolutionConfigurationPlatforms) = preSolution
		Debug|Any CPU = Debug|Any CPU
		Release|Any CPU = Release|Any CPU
	EndGlobalSection
	GlobalSection(ProjectConfigurationPlatforms) = postSolution
		{64EB808C-DA2E-43AE-8AD2-F1009A3CA2E4}.Debug|Any CPU.ActiveCfg = Debug|Any CPU
		{64EB808C-DA2E-43AE-8AD2-F1009A3CA2E4}.Debug|Any CPU.Build.0 = Debug|Any CPU
		{64EB808C-DA2E-43AE-8AD2-F1009A3CA2E4}.Release|Any CPU.ActiveCfg = Release|Any CPU
		{64EB808C-DA2E-43AE-8AD2-F1009A3CA2E4}.Release|Any CPU.Build.0 = Release|Any CPU
	EndGlobalSection
	GlobalSection(SolutionProperties) = preSolution
		HideSolutionNode = FALSE
	EndGlobalSection
	GlobalSection(ExtensibilityGlobals) = postSolution
		SolutionGuid = {2546B1A0-2C14-4EE4-8799-5C16BAEB897B}
	EndGlobalSection
EndGlobal
